
Microsoft Visual Studio Solution File, Format Version 12.00
# Visual Studio 15
VisualStudioVersion = 15.0.26228.73
MinimumVisualStudioVersion = 10.0.40219.1
Project("{F184B08F-C81C-45F6-A57F-5ABD9991F28F}") = "vimbaWinVBnet", "vimbaWinVBnet\vimbaWinVBnet.vbproj", "{42B2FBF8-9644-4638-8EE8-62DC98B22787}"
EndProject
Project("{FAE04EC0-301F-11D3-BF4B-00C04F79EFBC}") = "BaslerImageGrabber", "BaslerGrab\BaslerImageGrabber.csproj", "{6DE4CADD-9D37-48FF-A80C-E56B83720FB0}"
EndProject
Project("{FAE04EC0-301F-11D3-BF4B-00C04F79EFBC}") = "Pylon.NETSupportLibrary", "Pylon.NETSupportLibrary\Pylon.NETSupportLibrary.csproj", "{3EAFC9F5-D49F-4F9F-86C8-FBD231B07D2E}"
EndProject
Project("{FAE04EC0-301F-11D3-BF4B-00C04F79EFBC}") = "AsynchronousGrabForms", "AsynchronousGrab\Forms\Build\VS2010\AsynchronousGrabForms.csproj", "{1FB459E7-7C5D-45C3-BF6E-428C9CD191BA}"
EndProject
Project("{FAE04EC0-301F-11D3-BF4B-00C04F79EFBC}") = "ObjectDetectCommon", "ExampleCommon\ObjectDetectCommon.csproj", "{116BA176-F67C-4066-8685-C080705BAA16}"
EndProject
Project("{FAE04EC0-301F-11D3-BF4B-00C04F79EFBC}") = "ObjectDetection", "ExampleObjectDetection\ObjectDetection.csproj", "{69471B59-576D-446B-8DF3-96EC783C0B6C}"
EndProject
Project("{F184B08F-C81C-45F6-A57F-5ABD9991F28F}") = "AVTGIGEascom", "AVTGIGEascom\AVTGIGEascom.vbproj", "{71BB4DA7-4092-416D-89FE-97CD15207371}"
EndProject
Project("{F184B08F-C81C-45F6-A57F-5ABD9991F28F}") = "AVTGIGEascomTester", "AVTGIGEascomTester\AVTGIGEascomTester.vbproj", "{D1747C8D-F0CC-4B20-A0E4-517EBA497FA4}"
EndProject
Project("{FAE04EC0-301F-11D3-BF4B-00C04F79EFBC}") = "BaumerAPI", "BaumerAPI\BaumerAPI.csproj", "{782F80D9-C751-4664-A6BE-F6F499BDD581}"
EndProject
Project("{9A19103F-16F7-4668-BE54-9A1E7A4F7556}") = "AzureMeteorDetect", "AzureMeteorDetect\AzureMeteorDetect.csproj", "{A38F3B5B-FD9B-4D5E-AE23-15668F67F522}"
EndProject
Project("{FAE04EC0-301F-11D3-BF4B-00C04F79EFBC}") = "pushImagesToDB", "detectionTest\pushImagesToDB.csproj", "{6310DF93-E5B6-49E9-B8C5-A122F2E06192}"
EndProject
Project("{FAE04EC0-301F-11D3-BF4B-00C04F79EFBC}") = "detectionServer", "dectionServer\detectionServer.csproj", "{BE85C62D-E724-42D8-AE1B-2B9F671CDBBA}"
EndProject
Project("{9A19103F-16F7-4668-BE54-9A1E7A4F7556}") = "TensorFlowSharp", "TensorFlowSharp-master\TensorFlowSharp\TensorFlowSharp.csproj", "{EF1BB405-F6C8-492C-AD73-815CFAA021E0}"
EndProject
Project("{FAE04EC0-301F-11D3-BF4B-00C04F79EFBC}") = "OpGenerator", "OpGenerator\OpGenerator.csproj", "{700E5928-3D5D-4B54-AD4D-BC48E79E389E}"
EndProject
Project("{FAE04EC0-301F-11D3-BF4B-00C04F79EFBC}") = "PVCAM_ASCOM", "PVCAM_ASCOM\PVCAM_ASCOM\PVCAM_ASCOM.csproj", "{64308775-BD4A-469C-BCAB-3ED830B811AF}"
EndProject
Project("{FAE04EC0-301F-11D3-BF4B-00C04F79EFBC}") = "CSharpPreviewManDrv", "CSharpPreviewManDrv\CSharpPreviewManDrv.csproj", "{461CAC63-A404-4BB3-879C-0CC1015BE139}"
EndProject
Project("{F184B08F-C81C-45F6-A57F-5ABD9991F28F}") = "FoculusAscom", "FoculusAscom\FoculusAscom.vbproj", "{D1626A09-0803-439F-8F71-1A6318A82A8F}"
EndProject
Project("{F184B08F-C81C-45F6-A57F-5ABD9991F28F}") = "FoculusAscomTester", "FoculusAscomTester\FoculusAscomTester.vbproj", "{AB91F620-9EFF-4676-A9C2-CC0115770487}"
EndProject
Project("{FAE04EC0-301F-11D3-BF4B-00C04F79EFBC}") = "PVcamHelper", "PVcamHelper\PVcamHelper.csproj", "{CFF8E983-451B-4BBF-874A-0AF38ABA86A6}"
EndProject
Project("{FAE04EC0-301F-11D3-BF4B-00C04F79EFBC}") = "batchFileReplace", "batchFileReplace\batchFileReplace.csproj", "{B872A2EA-FC57-46C2-802E-F4510BBF000D}"
EndProject
Project("{F184B08F-C81C-45F6-A57F-5ABD9991F28F}") = "detectionTesterVB", "detectionTesterVB\detectionTesterVB.vbproj", "{3C1D27CE-9F12-4F1B-88BC-9965985B5971}"
EndProject
Project("{F184B08F-C81C-45F6-A57F-5ABD9991F28F}") = "PCO_ASCOM", "PCO_ASCOM\PCO_ASCOM.vbproj", "{7B05F2D1-7369-49F0-903C-E92AFD14E7D4}"
EndProject
Project("{F184B08F-C81C-45F6-A57F-5ABD9991F28F}") = "PCO_ASCOM_Tester", "PCO_ASCOM_Tester\PCO_ASCOM_Tester.vbproj", "{6670C02D-D1C3-408B-B550-B544A2127055}"
EndProject
Global
	GlobalSection(SolutionConfigurationPlatforms) = preSolution
		Debug|Any CPU = Debug|Any CPU
		Debug|x64 = Debug|x64
		Debug|x86 = Debug|x86
		MinSizeRel|Any CPU = MinSizeRel|Any CPU
		MinSizeRel|x64 = MinSizeRel|x64
		MinSizeRel|x86 = MinSizeRel|x86
		Release|Any CPU = Release|Any CPU
		Release|x64 = Release|x64
		Release|x86 = Release|x86
		RelWithDebInfo|Any CPU = RelWithDebInfo|Any CPU
		RelWithDebInfo|x64 = RelWithDebInfo|x64
		RelWithDebInfo|x86 = RelWithDebInfo|x86
	EndGlobalSection
	GlobalSection(ProjectConfigurationPlatforms) = postSolution
		{42B2FBF8-9644-4638-8EE8-62DC98B22787}.Debug|Any CPU.ActiveCfg = Debug|Any CPU
		{42B2FBF8-9644-4638-8EE8-62DC98B22787}.Debug|x64.ActiveCfg = Debug|Any CPU
		{42B2FBF8-9644-4638-8EE8-62DC98B22787}.Debug|x86.ActiveCfg = Debug|Any CPU
		{42B2FBF8-9644-4638-8EE8-62DC98B22787}.MinSizeRel|Any CPU.ActiveCfg = Release|Any CPU
		{42B2FBF8-9644-4638-8EE8-62DC98B22787}.MinSizeRel|Any CPU.Build.0 = Release|Any CPU
		{42B2FBF8-9644-4638-8EE8-62DC98B22787}.MinSizeRel|x64.ActiveCfg = Release|Any CPU
		{42B2FBF8-9644-4638-8EE8-62DC98B22787}.MinSizeRel|x64.Build.0 = Release|Any CPU
		{42B2FBF8-9644-4638-8EE8-62DC98B22787}.MinSizeRel|x86.ActiveCfg = Release|Any CPU
		{42B2FBF8-9644-4638-8EE8-62DC98B22787}.MinSizeRel|x86.Build.0 = Release|Any CPU
		{42B2FBF8-9644-4638-8EE8-62DC98B22787}.Release|Any CPU.ActiveCfg = Release|Any CPU
		{42B2FBF8-9644-4638-8EE8-62DC98B22787}.Release|x64.ActiveCfg = Release|x64
		{42B2FBF8-9644-4638-8EE8-62DC98B22787}.Release|x64.Build.0 = Release|x64
		{42B2FBF8-9644-4638-8EE8-62DC98B22787}.Release|x86.ActiveCfg = Release|Any CPU
		{42B2FBF8-9644-4638-8EE8-62DC98B22787}.Release|x86.Build.0 = Release|Any CPU
		{42B2FBF8-9644-4638-8EE8-62DC98B22787}.RelWithDebInfo|Any CPU.ActiveCfg = Release|Any CPU
		{42B2FBF8-9644-4638-8EE8-62DC98B22787}.RelWithDebInfo|Any CPU.Build.0 = Release|Any CPU
		{42B2FBF8-9644-4638-8EE8-62DC98B22787}.RelWithDebInfo|x64.ActiveCfg = Release|Any CPU
		{42B2FBF8-9644-4638-8EE8-62DC98B22787}.RelWithDebInfo|x64.Build.0 = Release|Any CPU
		{42B2FBF8-9644-4638-8EE8-62DC98B22787}.RelWithDebInfo|x86.ActiveCfg = Release|Any CPU
		{42B2FBF8-9644-4638-8EE8-62DC98B22787}.RelWithDebInfo|x86.Build.0 = Release|Any CPU
		{6DE4CADD-9D37-48FF-A80C-E56B83720FB0}.Debug|Any CPU.ActiveCfg = Debug|Any CPU
		{6DE4CADD-9D37-48FF-A80C-E56B83720FB0}.Debug|x64.ActiveCfg = Debug|Any CPU
		{6DE4CADD-9D37-48FF-A80C-E56B83720FB0}.Debug|x86.ActiveCfg = Debug|Any CPU
		{6DE4CADD-9D37-48FF-A80C-E56B83720FB0}.MinSizeRel|Any CPU.ActiveCfg = Release|Any CPU
		{6DE4CADD-9D37-48FF-A80C-E56B83720FB0}.MinSizeRel|Any CPU.Build.0 = Release|Any CPU
		{6DE4CADD-9D37-48FF-A80C-E56B83720FB0}.MinSizeRel|x64.ActiveCfg = Release|Any CPU
		{6DE4CADD-9D37-48FF-A80C-E56B83720FB0}.MinSizeRel|x64.Build.0 = Release|Any CPU
		{6DE4CADD-9D37-48FF-A80C-E56B83720FB0}.MinSizeRel|x86.ActiveCfg = Release|Any CPU
		{6DE4CADD-9D37-48FF-A80C-E56B83720FB0}.MinSizeRel|x86.Build.0 = Release|Any CPU
		{6DE4CADD-9D37-48FF-A80C-E56B83720FB0}.Release|Any CPU.ActiveCfg = Release|Any CPU
		{6DE4CADD-9D37-48FF-A80C-E56B83720FB0}.Release|x64.ActiveCfg = Release|Any CPU
		{6DE4CADD-9D37-48FF-A80C-E56B83720FB0}.Release|x64.Build.0 = Release|Any CPU
		{6DE4CADD-9D37-48FF-A80C-E56B83720FB0}.Release|x86.ActiveCfg = Release|Any CPU
		{6DE4CADD-9D37-48FF-A80C-E56B83720FB0}.Release|x86.Build.0 = Release|Any CPU
		{6DE4CADD-9D37-48FF-A80C-E56B83720FB0}.RelWithDebInfo|Any CPU.ActiveCfg = Release|Any CPU
		{6DE4CADD-9D37-48FF-A80C-E56B83720FB0}.RelWithDebInfo|Any CPU.Build.0 = Release|Any CPU
		{6DE4CADD-9D37-48FF-A80C-E56B83720FB0}.RelWithDebInfo|x64.ActiveCfg = Release|Any CPU
		{6DE4CADD-9D37-48FF-A80C-E56B83720FB0}.RelWithDebInfo|x64.Build.0 = Release|Any CPU
		{6DE4CADD-9D37-48FF-A80C-E56B83720FB0}.RelWithDebInfo|x86.ActiveCfg = Release|Any CPU
		{6DE4CADD-9D37-48FF-A80C-E56B83720FB0}.RelWithDebInfo|x86.Build.0 = Release|Any CPU
		{3EAFC9F5-D49F-4F9F-86C8-FBD231B07D2E}.Debug|Any CPU.ActiveCfg = Debug|Any CPU
		{3EAFC9F5-D49F-4F9F-86C8-FBD231B07D2E}.Debug|x64.ActiveCfg = Debug|Any CPU
		{3EAFC9F5-D49F-4F9F-86C8-FBD231B07D2E}.Debug|x86.ActiveCfg = Debug|Any CPU
		{3EAFC9F5-D49F-4F9F-86C8-FBD231B07D2E}.MinSizeRel|Any CPU.ActiveCfg = Release|Any CPU
		{3EAFC9F5-D49F-4F9F-86C8-FBD231B07D2E}.MinSizeRel|Any CPU.Build.0 = Release|Any CPU
		{3EAFC9F5-D49F-4F9F-86C8-FBD231B07D2E}.MinSizeRel|x64.ActiveCfg = Release|Any CPU
		{3EAFC9F5-D49F-4F9F-86C8-FBD231B07D2E}.MinSizeRel|x64.Build.0 = Release|Any CPU
		{3EAFC9F5-D49F-4F9F-86C8-FBD231B07D2E}.MinSizeRel|x86.ActiveCfg = Release|Any CPU
		{3EAFC9F5-D49F-4F9F-86C8-FBD231B07D2E}.MinSizeRel|x86.Build.0 = Release|Any CPU
		{3EAFC9F5-D49F-4F9F-86C8-FBD231B07D2E}.Release|Any CPU.ActiveCfg = Release|Any CPU
		{3EAFC9F5-D49F-4F9F-86C8-FBD231B07D2E}.Release|x64.ActiveCfg = Release|Any CPU
		{3EAFC9F5-D49F-4F9F-86C8-FBD231B07D2E}.Release|x64.Build.0 = Release|Any CPU
		{3EAFC9F5-D49F-4F9F-86C8-FBD231B07D2E}.Release|x86.ActiveCfg = Release|Any CPU
		{3EAFC9F5-D49F-4F9F-86C8-FBD231B07D2E}.Release|x86.Build.0 = Release|Any CPU
		{3EAFC9F5-D49F-4F9F-86C8-FBD231B07D2E}.RelWithDebInfo|Any CPU.ActiveCfg = Release|Any CPU
		{3EAFC9F5-D49F-4F9F-86C8-FBD231B07D2E}.RelWithDebInfo|Any CPU.Build.0 = Release|Any CPU
		{3EAFC9F5-D49F-4F9F-86C8-FBD231B07D2E}.RelWithDebInfo|x64.ActiveCfg = Release|Any CPU
		{3EAFC9F5-D49F-4F9F-86C8-FBD231B07D2E}.RelWithDebInfo|x64.Build.0 = Release|Any CPU
		{3EAFC9F5-D49F-4F9F-86C8-FBD231B07D2E}.RelWithDebInfo|x86.ActiveCfg = Release|Any CPU
		{3EAFC9F5-D49F-4F9F-86C8-FBD231B07D2E}.RelWithDebInfo|x86.Build.0 = Release|Any CPU
		{1FB459E7-7C5D-45C3-BF6E-428C9CD191BA}.Debug|Any CPU.ActiveCfg = Debug|Win32
		{1FB459E7-7C5D-45C3-BF6E-428C9CD191BA}.Debug|x64.ActiveCfg = Debug|x64
		{1FB459E7-7C5D-45C3-BF6E-428C9CD191BA}.Debug|x86.ActiveCfg = Debug|Win32
		{1FB459E7-7C5D-45C3-BF6E-428C9CD191BA}.MinSizeRel|Any CPU.ActiveCfg = Release|x64
		{1FB459E7-7C5D-45C3-BF6E-428C9CD191BA}.MinSizeRel|Any CPU.Build.0 = Release|x64
		{1FB459E7-7C5D-45C3-BF6E-428C9CD191BA}.MinSizeRel|x64.ActiveCfg = Release|x64
		{1FB459E7-7C5D-45C3-BF6E-428C9CD191BA}.MinSizeRel|x64.Build.0 = Release|x64
		{1FB459E7-7C5D-45C3-BF6E-428C9CD191BA}.MinSizeRel|x86.ActiveCfg = Release|Win32
		{1FB459E7-7C5D-45C3-BF6E-428C9CD191BA}.MinSizeRel|x86.Build.0 = Release|Win32
		{1FB459E7-7C5D-45C3-BF6E-428C9CD191BA}.Release|Any CPU.ActiveCfg = Release|Win32
		{1FB459E7-7C5D-45C3-BF6E-428C9CD191BA}.Release|x64.ActiveCfg = Release|x64
		{1FB459E7-7C5D-45C3-BF6E-428C9CD191BA}.Release|x64.Build.0 = Release|x64
		{1FB459E7-7C5D-45C3-BF6E-428C9CD191BA}.Release|x86.ActiveCfg = Release|Win32
		{1FB459E7-7C5D-45C3-BF6E-428C9CD191BA}.Release|x86.Build.0 = Release|Win32
		{1FB459E7-7C5D-45C3-BF6E-428C9CD191BA}.RelWithDebInfo|Any CPU.ActiveCfg = Release|x64
		{1FB459E7-7C5D-45C3-BF6E-428C9CD191BA}.RelWithDebInfo|Any CPU.Build.0 = Release|x64
		{1FB459E7-7C5D-45C3-BF6E-428C9CD191BA}.RelWithDebInfo|x64.ActiveCfg = Release|x64
		{1FB459E7-7C5D-45C3-BF6E-428C9CD191BA}.RelWithDebInfo|x64.Build.0 = Release|x64
		{1FB459E7-7C5D-45C3-BF6E-428C9CD191BA}.RelWithDebInfo|x86.ActiveCfg = Release|Win32
		{1FB459E7-7C5D-45C3-BF6E-428C9CD191BA}.RelWithDebInfo|x86.Build.0 = Release|Win32
		{116BA176-F67C-4066-8685-C080705BAA16}.Debug|Any CPU.ActiveCfg = Debug|Any CPU
		{116BA176-F67C-4066-8685-C080705BAA16}.Debug|x64.ActiveCfg = Debug|Any CPU
		{116BA176-F67C-4066-8685-C080705BAA16}.Debug|x86.ActiveCfg = Debug|Any CPU
		{116BA176-F67C-4066-8685-C080705BAA16}.MinSizeRel|Any CPU.ActiveCfg = Release|Any CPU
		{116BA176-F67C-4066-8685-C080705BAA16}.MinSizeRel|Any CPU.Build.0 = Release|Any CPU
		{116BA176-F67C-4066-8685-C080705BAA16}.MinSizeRel|x64.ActiveCfg = Release|Any CPU
		{116BA176-F67C-4066-8685-C080705BAA16}.MinSizeRel|x64.Build.0 = Release|Any CPU
		{116BA176-F67C-4066-8685-C080705BAA16}.MinSizeRel|x86.ActiveCfg = Release|Any CPU
		{116BA176-F67C-4066-8685-C080705BAA16}.MinSizeRel|x86.Build.0 = Release|Any CPU
		{116BA176-F67C-4066-8685-C080705BAA16}.Release|Any CPU.ActiveCfg = Release|Any CPU
		{116BA176-F67C-4066-8685-C080705BAA16}.Release|x64.ActiveCfg = Release|Any CPU
		{116BA176-F67C-4066-8685-C080705BAA16}.Release|x64.Build.0 = Release|Any CPU
		{116BA176-F67C-4066-8685-C080705BAA16}.Release|x86.ActiveCfg = Release|Any CPU
		{116BA176-F67C-4066-8685-C080705BAA16}.Release|x86.Build.0 = Release|Any CPU
		{116BA176-F67C-4066-8685-C080705BAA16}.RelWithDebInfo|Any CPU.ActiveCfg = Release|Any CPU
		{116BA176-F67C-4066-8685-C080705BAA16}.RelWithDebInfo|Any CPU.Build.0 = Release|Any CPU
		{116BA176-F67C-4066-8685-C080705BAA16}.RelWithDebInfo|x64.ActiveCfg = Release|Any CPU
		{116BA176-F67C-4066-8685-C080705BAA16}.RelWithDebInfo|x64.Build.0 = Release|Any CPU
		{116BA176-F67C-4066-8685-C080705BAA16}.RelWithDebInfo|x86.ActiveCfg = Release|Any CPU
		{116BA176-F67C-4066-8685-C080705BAA16}.RelWithDebInfo|x86.Build.0 = Release|Any CPU
		{69471B59-576D-446B-8DF3-96EC783C0B6C}.Debug|Any CPU.ActiveCfg = Debug|Any CPU
		{69471B59-576D-446B-8DF3-96EC783C0B6C}.Debug|x64.ActiveCfg = Debug|Any CPU
		{69471B59-576D-446B-8DF3-96EC783C0B6C}.Debug|x86.ActiveCfg = Debug|Any CPU
		{69471B59-576D-446B-8DF3-96EC783C0B6C}.MinSizeRel|Any CPU.ActiveCfg = Release|Any CPU
		{69471B59-576D-446B-8DF3-96EC783C0B6C}.MinSizeRel|Any CPU.Build.0 = Release|Any CPU
		{69471B59-576D-446B-8DF3-96EC783C0B6C}.MinSizeRel|x64.ActiveCfg = Release|Any CPU
		{69471B59-576D-446B-8DF3-96EC783C0B6C}.MinSizeRel|x64.Build.0 = Release|Any CPU
		{69471B59-576D-446B-8DF3-96EC783C0B6C}.MinSizeRel|x86.ActiveCfg = Release|Any CPU
		{69471B59-576D-446B-8DF3-96EC783C0B6C}.MinSizeRel|x86.Build.0 = Release|Any CPU
		{69471B59-576D-446B-8DF3-96EC783C0B6C}.Release|Any CPU.ActiveCfg = Release|Any CPU
		{69471B59-576D-446B-8DF3-96EC783C0B6C}.Release|x64.ActiveCfg = Release|Any CPU
		{69471B59-576D-446B-8DF3-96EC783C0B6C}.Release|x64.Build.0 = Release|Any CPU
		{69471B59-576D-446B-8DF3-96EC783C0B6C}.Release|x86.ActiveCfg = Release|Any CPU
		{69471B59-576D-446B-8DF3-96EC783C0B6C}.Release|x86.Build.0 = Release|Any CPU
		{69471B59-576D-446B-8DF3-96EC783C0B6C}.RelWithDebInfo|Any CPU.ActiveCfg = Release|Any CPU
		{69471B59-576D-446B-8DF3-96EC783C0B6C}.RelWithDebInfo|Any CPU.Build.0 = Release|Any CPU
		{69471B59-576D-446B-8DF3-96EC783C0B6C}.RelWithDebInfo|x64.ActiveCfg = Release|Any CPU
		{69471B59-576D-446B-8DF3-96EC783C0B6C}.RelWithDebInfo|x64.Build.0 = Release|Any CPU
		{69471B59-576D-446B-8DF3-96EC783C0B6C}.RelWithDebInfo|x86.ActiveCfg = Release|Any CPU
		{69471B59-576D-446B-8DF3-96EC783C0B6C}.RelWithDebInfo|x86.Build.0 = Release|Any CPU
		{71BB4DA7-4092-416D-89FE-97CD15207371}.Debug|Any CPU.ActiveCfg = Debug|Any CPU
		{71BB4DA7-4092-416D-89FE-97CD15207371}.Debug|x64.ActiveCfg = Debug|Any CPU
		{71BB4DA7-4092-416D-89FE-97CD15207371}.Debug|x86.ActiveCfg = Debug|Any CPU
		{71BB4DA7-4092-416D-89FE-97CD15207371}.MinSizeRel|Any CPU.ActiveCfg = Release|Any CPU
		{71BB4DA7-4092-416D-89FE-97CD15207371}.MinSizeRel|Any CPU.Build.0 = Release|Any CPU
		{71BB4DA7-4092-416D-89FE-97CD15207371}.MinSizeRel|x64.ActiveCfg = Release|Any CPU
		{71BB4DA7-4092-416D-89FE-97CD15207371}.MinSizeRel|x64.Build.0 = Release|Any CPU
		{71BB4DA7-4092-416D-89FE-97CD15207371}.MinSizeRel|x86.ActiveCfg = Release|Any CPU
		{71BB4DA7-4092-416D-89FE-97CD15207371}.MinSizeRel|x86.Build.0 = Release|Any CPU
		{71BB4DA7-4092-416D-89FE-97CD15207371}.Release|Any CPU.ActiveCfg = Release|Any CPU
		{71BB4DA7-4092-416D-89FE-97CD15207371}.Release|x64.ActiveCfg = Release|Any CPU
		{71BB4DA7-4092-416D-89FE-97CD15207371}.Release|x64.Build.0 = Release|Any CPU
		{71BB4DA7-4092-416D-89FE-97CD15207371}.Release|x86.ActiveCfg = Release|Any CPU
		{71BB4DA7-4092-416D-89FE-97CD15207371}.Release|x86.Build.0 = Release|Any CPU
		{71BB4DA7-4092-416D-89FE-97CD15207371}.RelWithDebInfo|Any CPU.ActiveCfg = Release|Any CPU
		{71BB4DA7-4092-416D-89FE-97CD15207371}.RelWithDebInfo|Any CPU.Build.0 = Release|Any CPU
		{71BB4DA7-4092-416D-89FE-97CD15207371}.RelWithDebInfo|x64.ActiveCfg = Release|Any CPU
		{71BB4DA7-4092-416D-89FE-97CD15207371}.RelWithDebInfo|x64.Build.0 = Release|Any CPU
		{71BB4DA7-4092-416D-89FE-97CD15207371}.RelWithDebInfo|x86.ActiveCfg = Release|Any CPU
		{71BB4DA7-4092-416D-89FE-97CD15207371}.RelWithDebInfo|x86.Build.0 = Release|Any CPU
		{D1747C8D-F0CC-4B20-A0E4-517EBA497FA4}.Debug|Any CPU.ActiveCfg = Debug|x86
		{D1747C8D-F0CC-4B20-A0E4-517EBA497FA4}.Debug|x64.ActiveCfg = Debug|x86
		{D1747C8D-F0CC-4B20-A0E4-517EBA497FA4}.Debug|x86.ActiveCfg = Debug|x86
		{D1747C8D-F0CC-4B20-A0E4-517EBA497FA4}.MinSizeRel|Any CPU.ActiveCfg = Release|x86
		{D1747C8D-F0CC-4B20-A0E4-517EBA497FA4}.MinSizeRel|Any CPU.Build.0 = Release|x86
		{D1747C8D-F0CC-4B20-A0E4-517EBA497FA4}.MinSizeRel|x64.ActiveCfg = Release|x86
		{D1747C8D-F0CC-4B20-A0E4-517EBA497FA4}.MinSizeRel|x64.Build.0 = Release|x86
		{D1747C8D-F0CC-4B20-A0E4-517EBA497FA4}.MinSizeRel|x86.ActiveCfg = Release|x86
		{D1747C8D-F0CC-4B20-A0E4-517EBA497FA4}.MinSizeRel|x86.Build.0 = Release|x86
		{D1747C8D-F0CC-4B20-A0E4-517EBA497FA4}.Release|Any CPU.ActiveCfg = Release|x86
		{D1747C8D-F0CC-4B20-A0E4-517EBA497FA4}.Release|x64.ActiveCfg = Release|x86
		{D1747C8D-F0CC-4B20-A0E4-517EBA497FA4}.Release|x86.ActiveCfg = Release|x86
		{D1747C8D-F0CC-4B20-A0E4-517EBA497FA4}.Release|x86.Build.0 = Release|x86
		{D1747C8D-F0CC-4B20-A0E4-517EBA497FA4}.RelWithDebInfo|Any CPU.ActiveCfg = Release|x86
		{D1747C8D-F0CC-4B20-A0E4-517EBA497FA4}.RelWithDebInfo|Any CPU.Build.0 = Release|x86
		{D1747C8D-F0CC-4B20-A0E4-517EBA497FA4}.RelWithDebInfo|x64.ActiveCfg = Release|x86
		{D1747C8D-F0CC-4B20-A0E4-517EBA497FA4}.RelWithDebInfo|x64.Build.0 = Release|x86
		{D1747C8D-F0CC-4B20-A0E4-517EBA497FA4}.RelWithDebInfo|x86.ActiveCfg = Release|x86
		{D1747C8D-F0CC-4B20-A0E4-517EBA497FA4}.RelWithDebInfo|x86.Build.0 = Release|x86
		{782F80D9-C751-4664-A6BE-F6F499BDD581}.Debug|Any CPU.ActiveCfg = Debug|Any CPU
		{782F80D9-C751-4664-A6BE-F6F499BDD581}.Debug|x64.ActiveCfg = Debug|Any CPU
		{782F80D9-C751-4664-A6BE-F6F499BDD581}.Debug|x86.ActiveCfg = Debug|Any CPU
		{782F80D9-C751-4664-A6BE-F6F499BDD581}.Debug|x86.Build.0 = Debug|Any CPU
		{782F80D9-C751-4664-A6BE-F6F499BDD581}.MinSizeRel|Any CPU.ActiveCfg = Release|Any CPU
		{782F80D9-C751-4664-A6BE-F6F499BDD581}.MinSizeRel|Any CPU.Build.0 = Release|Any CPU
		{782F80D9-C751-4664-A6BE-F6F499BDD581}.MinSizeRel|x64.ActiveCfg = Release|Any CPU
		{782F80D9-C751-4664-A6BE-F6F499BDD581}.MinSizeRel|x64.Build.0 = Release|Any CPU
		{782F80D9-C751-4664-A6BE-F6F499BDD581}.MinSizeRel|x86.ActiveCfg = Release|Any CPU
		{782F80D9-C751-4664-A6BE-F6F499BDD581}.MinSizeRel|x86.Build.0 = Release|Any CPU
		{782F80D9-C751-4664-A6BE-F6F499BDD581}.Release|Any CPU.ActiveCfg = Release|Any CPU
		{782F80D9-C751-4664-A6BE-F6F499BDD581}.Release|x64.ActiveCfg = Release|x64
		{782F80D9-C751-4664-A6BE-F6F499BDD581}.Release|x64.Build.0 = Release|x64
		{782F80D9-C751-4664-A6BE-F6F499BDD581}.Release|x86.ActiveCfg = Release|Any CPU
		{782F80D9-C751-4664-A6BE-F6F499BDD581}.Release|x86.Build.0 = Release|Any CPU
		{782F80D9-C751-4664-A6BE-F6F499BDD581}.RelWithDebInfo|Any CPU.ActiveCfg = Release|Any CPU
		{782F80D9-C751-4664-A6BE-F6F499BDD581}.RelWithDebInfo|Any CPU.Build.0 = Release|Any CPU
		{782F80D9-C751-4664-A6BE-F6F499BDD581}.RelWithDebInfo|x64.ActiveCfg = Release|Any CPU
		{782F80D9-C751-4664-A6BE-F6F499BDD581}.RelWithDebInfo|x64.Build.0 = Release|Any CPU
		{782F80D9-C751-4664-A6BE-F6F499BDD581}.RelWithDebInfo|x86.ActiveCfg = Release|Any CPU
		{782F80D9-C751-4664-A6BE-F6F499BDD581}.RelWithDebInfo|x86.Build.0 = Release|Any CPU
		{A38F3B5B-FD9B-4D5E-AE23-15668F67F522}.Debug|Any CPU.ActiveCfg = Debug|Any CPU
		{A38F3B5B-FD9B-4D5E-AE23-15668F67F522}.Debug|x64.ActiveCfg = Debug|Any CPU
		{A38F3B5B-FD9B-4D5E-AE23-15668F67F522}.Debug|x86.ActiveCfg = Debug|Any CPU
		{A38F3B5B-FD9B-4D5E-AE23-15668F67F522}.Debug|x86.Build.0 = Debug|Any CPU
		{A38F3B5B-FD9B-4D5E-AE23-15668F67F522}.MinSizeRel|Any CPU.ActiveCfg = Debug|Any CPU
		{A38F3B5B-FD9B-4D5E-AE23-15668F67F522}.MinSizeRel|Any CPU.Build.0 = Debug|Any CPU
		{A38F3B5B-FD9B-4D5E-AE23-15668F67F522}.MinSizeRel|x64.ActiveCfg = Debug|Any CPU
		{A38F3B5B-FD9B-4D5E-AE23-15668F67F522}.MinSizeRel|x64.Build.0 = Debug|Any CPU
		{A38F3B5B-FD9B-4D5E-AE23-15668F67F522}.MinSizeRel|x86.ActiveCfg = Debug|Any CPU
		{A38F3B5B-FD9B-4D5E-AE23-15668F67F522}.MinSizeRel|x86.Build.0 = Debug|Any CPU
		{A38F3B5B-FD9B-4D5E-AE23-15668F67F522}.Release|Any CPU.ActiveCfg = Release|Any CPU
		{A38F3B5B-FD9B-4D5E-AE23-15668F67F522}.Release|Any CPU.Build.0 = Release|Any CPU
		{A38F3B5B-FD9B-4D5E-AE23-15668F67F522}.Release|x64.ActiveCfg = Release|x64
		{A38F3B5B-FD9B-4D5E-AE23-15668F67F522}.Release|x64.Build.0 = Release|x64
		{A38F3B5B-FD9B-4D5E-AE23-15668F67F522}.Release|x86.ActiveCfg = Release|Any CPU
		{A38F3B5B-FD9B-4D5E-AE23-15668F67F522}.Release|x86.Build.0 = Release|Any CPU
		{A38F3B5B-FD9B-4D5E-AE23-15668F67F522}.RelWithDebInfo|Any CPU.ActiveCfg = Release|Any CPU
		{A38F3B5B-FD9B-4D5E-AE23-15668F67F522}.RelWithDebInfo|Any CPU.Build.0 = Release|Any CPU
		{A38F3B5B-FD9B-4D5E-AE23-15668F67F522}.RelWithDebInfo|x64.ActiveCfg = Release|Any CPU
		{A38F3B5B-FD9B-4D5E-AE23-15668F67F522}.RelWithDebInfo|x64.Build.0 = Release|Any CPU
		{A38F3B5B-FD9B-4D5E-AE23-15668F67F522}.RelWithDebInfo|x86.ActiveCfg = Release|Any CPU
		{A38F3B5B-FD9B-4D5E-AE23-15668F67F522}.RelWithDebInfo|x86.Build.0 = Release|Any CPU
		{6310DF93-E5B6-49E9-B8C5-A122F2E06192}.Debug|Any CPU.ActiveCfg = Debug|Any CPU
		{6310DF93-E5B6-49E9-B8C5-A122F2E06192}.Debug|x64.ActiveCfg = Debug|Any CPU
		{6310DF93-E5B6-49E9-B8C5-A122F2E06192}.Debug|x86.ActiveCfg = Debug|Any CPU
		{6310DF93-E5B6-49E9-B8C5-A122F2E06192}.Debug|x86.Build.0 = Debug|Any CPU
		{6310DF93-E5B6-49E9-B8C5-A122F2E06192}.MinSizeRel|Any CPU.ActiveCfg = Release|Any CPU
		{6310DF93-E5B6-49E9-B8C5-A122F2E06192}.MinSizeRel|Any CPU.Build.0 = Release|Any CPU
		{6310DF93-E5B6-49E9-B8C5-A122F2E06192}.MinSizeRel|x64.ActiveCfg = Release|Any CPU
		{6310DF93-E5B6-49E9-B8C5-A122F2E06192}.MinSizeRel|x64.Build.0 = Release|Any CPU
		{6310DF93-E5B6-49E9-B8C5-A122F2E06192}.MinSizeRel|x86.ActiveCfg = Release|Any CPU
		{6310DF93-E5B6-49E9-B8C5-A122F2E06192}.MinSizeRel|x86.Build.0 = Release|Any CPU
		{6310DF93-E5B6-49E9-B8C5-A122F2E06192}.Release|Any CPU.ActiveCfg = Release|Any CPU
		{6310DF93-E5B6-49E9-B8C5-A122F2E06192}.Release|x64.ActiveCfg = Release|Any CPU
		{6310DF93-E5B6-49E9-B8C5-A122F2E06192}.Release|x64.Build.0 = Release|Any CPU
		{6310DF93-E5B6-49E9-B8C5-A122F2E06192}.Release|x86.ActiveCfg = Release|Any CPU
		{6310DF93-E5B6-49E9-B8C5-A122F2E06192}.Release|x86.Build.0 = Release|Any CPU
		{6310DF93-E5B6-49E9-B8C5-A122F2E06192}.RelWithDebInfo|Any CPU.ActiveCfg = Release|Any CPU
		{6310DF93-E5B6-49E9-B8C5-A122F2E06192}.RelWithDebInfo|Any CPU.Build.0 = Release|Any CPU
		{6310DF93-E5B6-49E9-B8C5-A122F2E06192}.RelWithDebInfo|x64.ActiveCfg = Release|Any CPU
		{6310DF93-E5B6-49E9-B8C5-A122F2E06192}.RelWithDebInfo|x64.Build.0 = Release|Any CPU
		{6310DF93-E5B6-49E9-B8C5-A122F2E06192}.RelWithDebInfo|x86.ActiveCfg = Release|Any CPU
		{6310DF93-E5B6-49E9-B8C5-A122F2E06192}.RelWithDebInfo|x86.Build.0 = Release|Any CPU
		{BE85C62D-E724-42D8-AE1B-2B9F671CDBBA}.Debug|Any CPU.ActiveCfg = Debug|Any CPU
		{BE85C62D-E724-42D8-AE1B-2B9F671CDBBA}.Debug|x64.ActiveCfg = Debug|Any CPU
		{BE85C62D-E724-42D8-AE1B-2B9F671CDBBA}.Debug|x86.ActiveCfg = Debug|Any CPU
		{BE85C62D-E724-42D8-AE1B-2B9F671CDBBA}.Debug|x86.Build.0 = Debug|Any CPU
		{BE85C62D-E724-42D8-AE1B-2B9F671CDBBA}.MinSizeRel|Any CPU.ActiveCfg = Release|Any CPU
		{BE85C62D-E724-42D8-AE1B-2B9F671CDBBA}.MinSizeRel|Any CPU.Build.0 = Release|Any CPU
		{BE85C62D-E724-42D8-AE1B-2B9F671CDBBA}.MinSizeRel|x64.ActiveCfg = Release|Any CPU
		{BE85C62D-E724-42D8-AE1B-2B9F671CDBBA}.MinSizeRel|x64.Build.0 = Release|Any CPU
		{BE85C62D-E724-42D8-AE1B-2B9F671CDBBA}.MinSizeRel|x86.ActiveCfg = Release|Any CPU
		{BE85C62D-E724-42D8-AE1B-2B9F671CDBBA}.MinSizeRel|x86.Build.0 = Release|Any CPU
		{BE85C62D-E724-42D8-AE1B-2B9F671CDBBA}.Release|Any CPU.ActiveCfg = Release|Any CPU
		{BE85C62D-E724-42D8-AE1B-2B9F671CDBBA}.Release|x64.ActiveCfg = Release|Any CPU
		{BE85C62D-E724-42D8-AE1B-2B9F671CDBBA}.Release|x64.Build.0 = Release|Any CPU
		{BE85C62D-E724-42D8-AE1B-2B9F671CDBBA}.Release|x86.ActiveCfg = Release|Any CPU
		{BE85C62D-E724-42D8-AE1B-2B9F671CDBBA}.Release|x86.Build.0 = Release|Any CPU
		{BE85C62D-E724-42D8-AE1B-2B9F671CDBBA}.RelWithDebInfo|Any CPU.ActiveCfg = Release|Any CPU
		{BE85C62D-E724-42D8-AE1B-2B9F671CDBBA}.RelWithDebInfo|Any CPU.Build.0 = Release|Any CPU
		{BE85C62D-E724-42D8-AE1B-2B9F671CDBBA}.RelWithDebInfo|x64.ActiveCfg = Release|Any CPU
		{BE85C62D-E724-42D8-AE1B-2B9F671CDBBA}.RelWithDebInfo|x64.Build.0 = Release|Any CPU
		{BE85C62D-E724-42D8-AE1B-2B9F671CDBBA}.RelWithDebInfo|x86.ActiveCfg = Release|Any CPU
		{BE85C62D-E724-42D8-AE1B-2B9F671CDBBA}.RelWithDebInfo|x86.Build.0 = Release|Any CPU
		{EF1BB405-F6C8-492C-AD73-815CFAA021E0}.Debug|Any CPU.ActiveCfg = Debug|Any CPU
		{EF1BB405-F6C8-492C-AD73-815CFAA021E0}.Debug|x64.ActiveCfg = Debug|Any CPU
		{EF1BB405-F6C8-492C-AD73-815CFAA021E0}.Debug|x86.ActiveCfg = Debug|Any CPU
		{EF1BB405-F6C8-492C-AD73-815CFAA021E0}.Debug|x86.Build.0 = Debug|Any CPU
		{EF1BB405-F6C8-492C-AD73-815CFAA021E0}.MinSizeRel|Any CPU.ActiveCfg = Debug|Any CPU
		{EF1BB405-F6C8-492C-AD73-815CFAA021E0}.MinSizeRel|Any CPU.Build.0 = Debug|Any CPU
		{EF1BB405-F6C8-492C-AD73-815CFAA021E0}.MinSizeRel|x64.ActiveCfg = Debug|Any CPU
		{EF1BB405-F6C8-492C-AD73-815CFAA021E0}.MinSizeRel|x64.Build.0 = Debug|Any CPU
		{EF1BB405-F6C8-492C-AD73-815CFAA021E0}.MinSizeRel|x86.ActiveCfg = Debug|Any CPU
		{EF1BB405-F6C8-492C-AD73-815CFAA021E0}.MinSizeRel|x86.Build.0 = Debug|Any CPU
		{EF1BB405-F6C8-492C-AD73-815CFAA021E0}.Release|Any CPU.ActiveCfg = Release|Any CPU
		{EF1BB405-F6C8-492C-AD73-815CFAA021E0}.Release|x64.ActiveCfg = Release|Any CPU
		{EF1BB405-F6C8-492C-AD73-815CFAA021E0}.Release|x64.Build.0 = Release|Any CPU
		{EF1BB405-F6C8-492C-AD73-815CFAA021E0}.Release|x86.ActiveCfg = Release|Any CPU
		{EF1BB405-F6C8-492C-AD73-815CFAA021E0}.Release|x86.Build.0 = Release|Any CPU
		{EF1BB405-F6C8-492C-AD73-815CFAA021E0}.RelWithDebInfo|Any CPU.ActiveCfg = Release|Any CPU
		{EF1BB405-F6C8-492C-AD73-815CFAA021E0}.RelWithDebInfo|Any CPU.Build.0 = Release|Any CPU
		{EF1BB405-F6C8-492C-AD73-815CFAA021E0}.RelWithDebInfo|x64.ActiveCfg = Release|Any CPU
		{EF1BB405-F6C8-492C-AD73-815CFAA021E0}.RelWithDebInfo|x64.Build.0 = Release|Any CPU
		{EF1BB405-F6C8-492C-AD73-815CFAA021E0}.RelWithDebInfo|x86.ActiveCfg = Release|Any CPU
		{EF1BB405-F6C8-492C-AD73-815CFAA021E0}.RelWithDebInfo|x86.Build.0 = Release|Any CPU
		{700E5928-3D5D-4B54-AD4D-BC48E79E389E}.Debug|Any CPU.ActiveCfg = Debug|Any CPU
		{700E5928-3D5D-4B54-AD4D-BC48E79E389E}.Debug|x64.ActiveCfg = Debug|Any CPU
		{700E5928-3D5D-4B54-AD4D-BC48E79E389E}.Debug|x86.ActiveCfg = Debug|Any CPU
		{700E5928-3D5D-4B54-AD4D-BC48E79E389E}.Debug|x86.Build.0 = Debug|Any CPU
		{700E5928-3D5D-4B54-AD4D-BC48E79E389E}.MinSizeRel|Any CPU.ActiveCfg = Release|Any CPU
		{700E5928-3D5D-4B54-AD4D-BC48E79E389E}.MinSizeRel|Any CPU.Build.0 = Release|Any CPU
		{700E5928-3D5D-4B54-AD4D-BC48E79E389E}.MinSizeRel|x64.ActiveCfg = Release|Any CPU
		{700E5928-3D5D-4B54-AD4D-BC48E79E389E}.MinSizeRel|x64.Build.0 = Release|Any CPU
		{700E5928-3D5D-4B54-AD4D-BC48E79E389E}.MinSizeRel|x86.ActiveCfg = Release|Any CPU
		{700E5928-3D5D-4B54-AD4D-BC48E79E389E}.MinSizeRel|x86.Build.0 = Release|Any CPU
		{700E5928-3D5D-4B54-AD4D-BC48E79E389E}.Release|Any CPU.ActiveCfg = Release|Any CPU
		{700E5928-3D5D-4B54-AD4D-BC48E79E389E}.Release|x64.ActiveCfg = Release|Any CPU
		{700E5928-3D5D-4B54-AD4D-BC48E79E389E}.Release|x64.Build.0 = Release|Any CPU
		{700E5928-3D5D-4B54-AD4D-BC48E79E389E}.Release|x86.ActiveCfg = Release|Any CPU
		{700E5928-3D5D-4B54-AD4D-BC48E79E389E}.Release|x86.Build.0 = Release|Any CPU
		{700E5928-3D5D-4B54-AD4D-BC48E79E389E}.RelWithDebInfo|Any CPU.ActiveCfg = Release|Any CPU
		{700E5928-3D5D-4B54-AD4D-BC48E79E389E}.RelWithDebInfo|Any CPU.Build.0 = Release|Any CPU
		{700E5928-3D5D-4B54-AD4D-BC48E79E389E}.RelWithDebInfo|x64.ActiveCfg = Release|Any CPU
		{700E5928-3D5D-4B54-AD4D-BC48E79E389E}.RelWithDebInfo|x64.Build.0 = Release|Any CPU
		{700E5928-3D5D-4B54-AD4D-BC48E79E389E}.RelWithDebInfo|x86.ActiveCfg = Release|Any CPU
		{700E5928-3D5D-4B54-AD4D-BC48E79E389E}.RelWithDebInfo|x86.Build.0 = Release|Any CPU
		{64308775-BD4A-469C-BCAB-3ED830B811AF}.Debug|Any CPU.ActiveCfg = Debug|Any CPU
		{64308775-BD4A-469C-BCAB-3ED830B811AF}.Debug|x64.ActiveCfg = Debug|Any CPU
		{64308775-BD4A-469C-BCAB-3ED830B811AF}.Debug|x86.ActiveCfg = Debug|Any CPU
		{64308775-BD4A-469C-BCAB-3ED830B811AF}.Debug|x86.Build.0 = Debug|Any CPU
		{64308775-BD4A-469C-BCAB-3ED830B811AF}.MinSizeRel|Any CPU.ActiveCfg = Release|Any CPU
		{64308775-BD4A-469C-BCAB-3ED830B811AF}.MinSizeRel|Any CPU.Build.0 = Release|Any CPU
		{64308775-BD4A-469C-BCAB-3ED830B811AF}.MinSizeRel|x64.ActiveCfg = Release|Any CPU
		{64308775-BD4A-469C-BCAB-3ED830B811AF}.MinSizeRel|x64.Build.0 = Release|Any CPU
		{64308775-BD4A-469C-BCAB-3ED830B811AF}.MinSizeRel|x86.ActiveCfg = Release|Any CPU
		{64308775-BD4A-469C-BCAB-3ED830B811AF}.MinSizeRel|x86.Build.0 = Release|Any CPU
		{64308775-BD4A-469C-BCAB-3ED830B811AF}.Release|Any CPU.ActiveCfg = Release|Any CPU
		{64308775-BD4A-469C-BCAB-3ED830B811AF}.Release|x64.ActiveCfg = Release|Any CPU
		{64308775-BD4A-469C-BCAB-3ED830B811AF}.Release|x64.Build.0 = Release|Any CPU
		{64308775-BD4A-469C-BCAB-3ED830B811AF}.Release|x86.ActiveCfg = Release|Any CPU
		{64308775-BD4A-469C-BCAB-3ED830B811AF}.Release|x86.Build.0 = Release|Any CPU
		{64308775-BD4A-469C-BCAB-3ED830B811AF}.RelWithDebInfo|Any CPU.ActiveCfg = Release|Any CPU
		{64308775-BD4A-469C-BCAB-3ED830B811AF}.RelWithDebInfo|Any CPU.Build.0 = Release|Any CPU
		{64308775-BD4A-469C-BCAB-3ED830B811AF}.RelWithDebInfo|x64.ActiveCfg = Release|Any CPU
		{64308775-BD4A-469C-BCAB-3ED830B811AF}.RelWithDebInfo|x64.Build.0 = Release|Any CPU
		{64308775-BD4A-469C-BCAB-3ED830B811AF}.RelWithDebInfo|x86.ActiveCfg = Release|Any CPU
		{64308775-BD4A-469C-BCAB-3ED830B811AF}.RelWithDebInfo|x86.Build.0 = Release|Any CPU
		{461CAC63-A404-4BB3-879C-0CC1015BE139}.Debug|Any CPU.ActiveCfg = Debug|x86
		{461CAC63-A404-4BB3-879C-0CC1015BE139}.Debug|x64.ActiveCfg = Debug|x64
		{461CAC63-A404-4BB3-879C-0CC1015BE139}.Debug|x86.ActiveCfg = Debug|x86
		{461CAC63-A404-4BB3-879C-0CC1015BE139}.Debug|x86.Build.0 = Debug|x86
		{461CAC63-A404-4BB3-879C-0CC1015BE139}.MinSizeRel|Any CPU.ActiveCfg = Release|x64
		{461CAC63-A404-4BB3-879C-0CC1015BE139}.MinSizeRel|Any CPU.Build.0 = Release|x64
		{461CAC63-A404-4BB3-879C-0CC1015BE139}.MinSizeRel|x64.ActiveCfg = Release|x64
		{461CAC63-A404-4BB3-879C-0CC1015BE139}.MinSizeRel|x64.Build.0 = Release|x64
		{461CAC63-A404-4BB3-879C-0CC1015BE139}.MinSizeRel|x86.ActiveCfg = Release|x86
		{461CAC63-A404-4BB3-879C-0CC1015BE139}.MinSizeRel|x86.Build.0 = Release|x86
		{461CAC63-A404-4BB3-879C-0CC1015BE139}.Release|Any CPU.ActiveCfg = Release|x86
		{461CAC63-A404-4BB3-879C-0CC1015BE139}.Release|x64.ActiveCfg = Release|x64
		{461CAC63-A404-4BB3-879C-0CC1015BE139}.Release|x64.Build.0 = Release|x64
		{461CAC63-A404-4BB3-879C-0CC1015BE139}.Release|x86.ActiveCfg = Release|x86
		{461CAC63-A404-4BB3-879C-0CC1015BE139}.Release|x86.Build.0 = Release|x86
		{461CAC63-A404-4BB3-879C-0CC1015BE139}.RelWithDebInfo|Any CPU.ActiveCfg = Release|x64
		{461CAC63-A404-4BB3-879C-0CC1015BE139}.RelWithDebInfo|Any CPU.Build.0 = Release|x64
		{461CAC63-A404-4BB3-879C-0CC1015BE139}.RelWithDebInfo|x64.ActiveCfg = Release|x64
		{461CAC63-A404-4BB3-879C-0CC1015BE139}.RelWithDebInfo|x64.Build.0 = Release|x64
		{461CAC63-A404-4BB3-879C-0CC1015BE139}.RelWithDebInfo|x86.ActiveCfg = Release|x86
		{461CAC63-A404-4BB3-879C-0CC1015BE139}.RelWithDebInfo|x86.Build.0 = Release|x86
		{D1626A09-0803-439F-8F71-1A6318A82A8F}.Debug|Any CPU.ActiveCfg = Debug|Any CPU
		{D1626A09-0803-439F-8F71-1A6318A82A8F}.Debug|x64.ActiveCfg = Debug|Any CPU
		{D1626A09-0803-439F-8F71-1A6318A82A8F}.Debug|x86.ActiveCfg = Debug|Any CPU
		{D1626A09-0803-439F-8F71-1A6318A82A8F}.Debug|x86.Build.0 = Debug|Any CPU
		{D1626A09-0803-439F-8F71-1A6318A82A8F}.MinSizeRel|Any CPU.ActiveCfg = Release|Any CPU
		{D1626A09-0803-439F-8F71-1A6318A82A8F}.MinSizeRel|Any CPU.Build.0 = Release|Any CPU
		{D1626A09-0803-439F-8F71-1A6318A82A8F}.MinSizeRel|x64.ActiveCfg = Release|Any CPU
		{D1626A09-0803-439F-8F71-1A6318A82A8F}.MinSizeRel|x64.Build.0 = Release|Any CPU
		{D1626A09-0803-439F-8F71-1A6318A82A8F}.MinSizeRel|x86.ActiveCfg = Release|Any CPU
		{D1626A09-0803-439F-8F71-1A6318A82A8F}.MinSizeRel|x86.Build.0 = Release|Any CPU
		{D1626A09-0803-439F-8F71-1A6318A82A8F}.Release|Any CPU.ActiveCfg = Release|Any CPU
		{D1626A09-0803-439F-8F71-1A6318A82A8F}.Release|Any CPU.Build.0 = Release|Any CPU
		{D1626A09-0803-439F-8F71-1A6318A82A8F}.Release|x64.ActiveCfg = Release|Any CPU
		{D1626A09-0803-439F-8F71-1A6318A82A8F}.Release|x64.Build.0 = Release|Any CPU
		{D1626A09-0803-439F-8F71-1A6318A82A8F}.Release|x86.ActiveCfg = Release|Any CPU
		{D1626A09-0803-439F-8F71-1A6318A82A8F}.Release|x86.Build.0 = Release|Any CPU
		{D1626A09-0803-439F-8F71-1A6318A82A8F}.RelWithDebInfo|Any CPU.ActiveCfg = Release|Any CPU
		{D1626A09-0803-439F-8F71-1A6318A82A8F}.RelWithDebInfo|Any CPU.Build.0 = Release|Any CPU
		{D1626A09-0803-439F-8F71-1A6318A82A8F}.RelWithDebInfo|x64.ActiveCfg = Release|Any CPU
		{D1626A09-0803-439F-8F71-1A6318A82A8F}.RelWithDebInfo|x64.Build.0 = Release|Any CPU
		{D1626A09-0803-439F-8F71-1A6318A82A8F}.RelWithDebInfo|x86.ActiveCfg = Release|Any CPU
		{D1626A09-0803-439F-8F71-1A6318A82A8F}.RelWithDebInfo|x86.Build.0 = Release|Any CPU
		{AB91F620-9EFF-4676-A9C2-CC0115770487}.Debug|Any CPU.ActiveCfg = Debug|x86
		{AB91F620-9EFF-4676-A9C2-CC0115770487}.Debug|x64.ActiveCfg = Debug|x86
		{AB91F620-9EFF-4676-A9C2-CC0115770487}.Debug|x86.ActiveCfg = Debug|x86
		{AB91F620-9EFF-4676-A9C2-CC0115770487}.Debug|x86.Build.0 = Debug|x86
		{AB91F620-9EFF-4676-A9C2-CC0115770487}.MinSizeRel|Any CPU.ActiveCfg = Release|x86
		{AB91F620-9EFF-4676-A9C2-CC0115770487}.MinSizeRel|Any CPU.Build.0 = Release|x86
		{AB91F620-9EFF-4676-A9C2-CC0115770487}.MinSizeRel|x64.ActiveCfg = Release|x86
		{AB91F620-9EFF-4676-A9C2-CC0115770487}.MinSizeRel|x64.Build.0 = Release|x86
		{AB91F620-9EFF-4676-A9C2-CC0115770487}.MinSizeRel|x86.ActiveCfg = Release|x86
		{AB91F620-9EFF-4676-A9C2-CC0115770487}.MinSizeRel|x86.Build.0 = Release|x86
		{AB91F620-9EFF-4676-A9C2-CC0115770487}.Release|Any CPU.ActiveCfg = Release|x86
		{AB91F620-9EFF-4676-A9C2-CC0115770487}.Release|x64.ActiveCfg = Release|x86
		{AB91F620-9EFF-4676-A9C2-CC0115770487}.Release|x86.ActiveCfg = Release|x86
		{AB91F620-9EFF-4676-A9C2-CC0115770487}.Release|x86.Build.0 = Release|x86
		{AB91F620-9EFF-4676-A9C2-CC0115770487}.RelWithDebInfo|Any CPU.ActiveCfg = Release|x86
		{AB91F620-9EFF-4676-A9C2-CC0115770487}.RelWithDebInfo|Any CPU.Build.0 = Release|x86
		{AB91F620-9EFF-4676-A9C2-CC0115770487}.RelWithDebInfo|x64.ActiveCfg = Release|x86
		{AB91F620-9EFF-4676-A9C2-CC0115770487}.RelWithDebInfo|x64.Build.0 = Release|x86
		{AB91F620-9EFF-4676-A9C2-CC0115770487}.RelWithDebInfo|x86.ActiveCfg = Release|x86
		{AB91F620-9EFF-4676-A9C2-CC0115770487}.RelWithDebInfo|x86.Build.0 = Release|x86
		{CFF8E983-451B-4BBF-874A-0AF38ABA86A6}.Debug|Any CPU.ActiveCfg = Debug|Any CPU
		{CFF8E983-451B-4BBF-874A-0AF38ABA86A6}.Debug|x64.ActiveCfg = Debug|Any CPU
		{CFF8E983-451B-4BBF-874A-0AF38ABA86A6}.Debug|x86.ActiveCfg = Debug|Any CPU
		{CFF8E983-451B-4BBF-874A-0AF38ABA86A6}.Debug|x86.Build.0 = Debug|Any CPU
		{CFF8E983-451B-4BBF-874A-0AF38ABA86A6}.MinSizeRel|Any CPU.ActiveCfg = Release|Any CPU
		{CFF8E983-451B-4BBF-874A-0AF38ABA86A6}.MinSizeRel|Any CPU.Build.0 = Release|Any CPU
		{CFF8E983-451B-4BBF-874A-0AF38ABA86A6}.MinSizeRel|x64.ActiveCfg = Release|Any CPU
		{CFF8E983-451B-4BBF-874A-0AF38ABA86A6}.MinSizeRel|x64.Build.0 = Release|Any CPU
		{CFF8E983-451B-4BBF-874A-0AF38ABA86A6}.MinSizeRel|x86.ActiveCfg = Release|Any CPU
		{CFF8E983-451B-4BBF-874A-0AF38ABA86A6}.MinSizeRel|x86.Build.0 = Release|Any CPU
		{CFF8E983-451B-4BBF-874A-0AF38ABA86A6}.Release|Any CPU.ActiveCfg = Release|Any CPU
		{CFF8E983-451B-4BBF-874A-0AF38ABA86A6}.Release|Any CPU.Build.0 = Release|Any CPU
		{CFF8E983-451B-4BBF-874A-0AF38ABA86A6}.Release|x64.ActiveCfg = Release|Any CPU
		{CFF8E983-451B-4BBF-874A-0AF38ABA86A6}.Release|x64.Build.0 = Release|Any CPU
		{CFF8E983-451B-4BBF-874A-0AF38ABA86A6}.Release|x86.ActiveCfg = Release|Any CPU
		{CFF8E983-451B-4BBF-874A-0AF38ABA86A6}.Release|x86.Build.0 = Release|Any CPU
		{CFF8E983-451B-4BBF-874A-0AF38ABA86A6}.RelWithDebInfo|Any CPU.ActiveCfg = Release|Any CPU
		{CFF8E983-451B-4BBF-874A-0AF38ABA86A6}.RelWithDebInfo|Any CPU.Build.0 = Release|Any CPU
		{CFF8E983-451B-4BBF-874A-0AF38ABA86A6}.RelWithDebInfo|x64.ActiveCfg = Release|Any CPU
		{CFF8E983-451B-4BBF-874A-0AF38ABA86A6}.RelWithDebInfo|x64.Build.0 = Release|Any CPU
		{CFF8E983-451B-4BBF-874A-0AF38ABA86A6}.RelWithDebInfo|x86.ActiveCfg = Release|Any CPU
		{CFF8E983-451B-4BBF-874A-0AF38ABA86A6}.RelWithDebInfo|x86.Build.0 = Release|Any CPU
		{B872A2EA-FC57-46C2-802E-F4510BBF000D}.Debug|Any CPU.ActiveCfg = Debug|Any CPU
		{B872A2EA-FC57-46C2-802E-F4510BBF000D}.Debug|x64.ActiveCfg = Debug|Any CPU
		{B872A2EA-FC57-46C2-802E-F4510BBF000D}.Debug|x86.ActiveCfg = Debug|Any CPU
		{B872A2EA-FC57-46C2-802E-F4510BBF000D}.Debug|x86.Build.0 = Debug|Any CPU
		{B872A2EA-FC57-46C2-802E-F4510BBF000D}.MinSizeRel|Any CPU.ActiveCfg = Release|Any CPU
		{B872A2EA-FC57-46C2-802E-F4510BBF000D}.MinSizeRel|Any CPU.Build.0 = Release|Any CPU
		{B872A2EA-FC57-46C2-802E-F4510BBF000D}.MinSizeRel|x64.ActiveCfg = Release|Any CPU
		{B872A2EA-FC57-46C2-802E-F4510BBF000D}.MinSizeRel|x64.Build.0 = Release|Any CPU
		{B872A2EA-FC57-46C2-802E-F4510BBF000D}.MinSizeRel|x86.ActiveCfg = Release|Any CPU
		{B872A2EA-FC57-46C2-802E-F4510BBF000D}.MinSizeRel|x86.Build.0 = Release|Any CPU
		{B872A2EA-FC57-46C2-802E-F4510BBF000D}.Release|Any CPU.ActiveCfg = Release|Any CPU
		{B872A2EA-FC57-46C2-802E-F4510BBF000D}.Release|Any CPU.Build.0 = Release|Any CPU
		{B872A2EA-FC57-46C2-802E-F4510BBF000D}.Release|x64.ActiveCfg = Release|Any CPU
		{B872A2EA-FC57-46C2-802E-F4510BBF000D}.Release|x64.Build.0 = Release|Any CPU
		{B872A2EA-FC57-46C2-802E-F4510BBF000D}.Release|x86.ActiveCfg = Release|Any CPU
		{B872A2EA-FC57-46C2-802E-F4510BBF000D}.Release|x86.Build.0 = Release|Any CPU
		{B872A2EA-FC57-46C2-802E-F4510BBF000D}.RelWithDebInfo|Any CPU.ActiveCfg = Release|Any CPU
		{B872A2EA-FC57-46C2-802E-F4510BBF000D}.RelWithDebInfo|Any CPU.Build.0 = Release|Any CPU
		{B872A2EA-FC57-46C2-802E-F4510BBF000D}.RelWithDebInfo|x64.ActiveCfg = Release|Any CPU
		{B872A2EA-FC57-46C2-802E-F4510BBF000D}.RelWithDebInfo|x64.Build.0 = Release|Any CPU
		{B872A2EA-FC57-46C2-802E-F4510BBF000D}.RelWithDebInfo|x86.ActiveCfg = Release|Any CPU
		{B872A2EA-FC57-46C2-802E-F4510BBF000D}.RelWithDebInfo|x86.Build.0 = Release|Any CPU
		{3C1D27CE-9F12-4F1B-88BC-9965985B5971}.Debug|Any CPU.ActiveCfg = Debug|Any CPU
		{3C1D27CE-9F12-4F1B-88BC-9965985B5971}.Debug|x64.ActiveCfg = Debug|Any CPU
		{3C1D27CE-9F12-4F1B-88BC-9965985B5971}.Debug|x86.ActiveCfg = Debug|Any CPU
		{3C1D27CE-9F12-4F1B-88BC-9965985B5971}.Debug|x86.Build.0 = Debug|Any CPU
		{3C1D27CE-9F12-4F1B-88BC-9965985B5971}.MinSizeRel|Any CPU.ActiveCfg = Release|Any CPU
		{3C1D27CE-9F12-4F1B-88BC-9965985B5971}.MinSizeRel|Any CPU.Build.0 = Release|Any CPU
		{3C1D27CE-9F12-4F1B-88BC-9965985B5971}.MinSizeRel|x64.ActiveCfg = Release|Any CPU
		{3C1D27CE-9F12-4F1B-88BC-9965985B5971}.MinSizeRel|x64.Build.0 = Release|Any CPU
		{3C1D27CE-9F12-4F1B-88BC-9965985B5971}.MinSizeRel|x86.ActiveCfg = Release|Any CPU
		{3C1D27CE-9F12-4F1B-88BC-9965985B5971}.MinSizeRel|x86.Build.0 = Release|Any CPU
		{3C1D27CE-9F12-4F1B-88BC-9965985B5971}.Release|Any CPU.ActiveCfg = Release|Any CPU
		{3C1D27CE-9F12-4F1B-88BC-9965985B5971}.Release|Any CPU.Build.0 = Release|Any CPU
		{3C1D27CE-9F12-4F1B-88BC-9965985B5971}.Release|x64.ActiveCfg = Release|Any CPU
		{3C1D27CE-9F12-4F1B-88BC-9965985B5971}.Release|x64.Build.0 = Release|Any CPU
		{3C1D27CE-9F12-4F1B-88BC-9965985B5971}.Release|x86.ActiveCfg = Release|Any CPU
		{3C1D27CE-9F12-4F1B-88BC-9965985B5971}.Release|x86.Build.0 = Release|Any CPU
		{3C1D27CE-9F12-4F1B-88BC-9965985B5971}.RelWithDebInfo|Any CPU.ActiveCfg = Release|Any CPU
		{3C1D27CE-9F12-4F1B-88BC-9965985B5971}.RelWithDebInfo|Any CPU.Build.0 = Release|Any CPU
		{3C1D27CE-9F12-4F1B-88BC-9965985B5971}.RelWithDebInfo|x64.ActiveCfg = Release|Any CPU
		{3C1D27CE-9F12-4F1B-88BC-9965985B5971}.RelWithDebInfo|x64.Build.0 = Release|Any CPU
		{3C1D27CE-9F12-4F1B-88BC-9965985B5971}.RelWithDebInfo|x86.ActiveCfg = Release|Any CPU
		{3C1D27CE-9F12-4F1B-88BC-9965985B5971}.RelWithDebInfo|x86.Build.0 = Release|Any CPU
		{7B05F2D1-7369-49F0-903C-E92AFD14E7D4}.Debug|Any CPU.ActiveCfg = Debug|Any CPU
		{7B05F2D1-7369-49F0-903C-E92AFD14E7D4}.Debug|x64.ActiveCfg = Debug|Any CPU
		{7B05F2D1-7369-49F0-903C-E92AFD14E7D4}.Debug|x64.Build.0 = Debug|Any CPU
		{7B05F2D1-7369-49F0-903C-E92AFD14E7D4}.Debug|x86.ActiveCfg = Debug|Any CPU
		{7B05F2D1-7369-49F0-903C-E92AFD14E7D4}.Debug|x86.Build.0 = Debug|Any CPU
		{7B05F2D1-7369-49F0-903C-E92AFD14E7D4}.MinSizeRel|Any CPU.ActiveCfg = Release|Any CPU
		{7B05F2D1-7369-49F0-903C-E92AFD14E7D4}.MinSizeRel|Any CPU.Build.0 = Release|Any CPU
		{7B05F2D1-7369-49F0-903C-E92AFD14E7D4}.MinSizeRel|x64.ActiveCfg = Release|Any CPU
		{7B05F2D1-7369-49F0-903C-E92AFD14E7D4}.MinSizeRel|x64.Build.0 = Release|Any CPU
		{7B05F2D1-7369-49F0-903C-E92AFD14E7D4}.MinSizeRel|x86.ActiveCfg = Release|Any CPU
		{7B05F2D1-7369-49F0-903C-E92AFD14E7D4}.MinSizeRel|x86.Build.0 = Release|Any CPU
		{7B05F2D1-7369-49F0-903C-E92AFD14E7D4}.Release|Any CPU.ActiveCfg = Release|Any CPU
		{7B05F2D1-7369-49F0-903C-E92AFD14E7D4}.Release|Any CPU.Build.0 = Release|Any CPU
		{7B05F2D1-7369-49F0-903C-E92AFD14E7D4}.Release|x64.ActiveCfg = Release|Any CPU
		{7B05F2D1-7369-49F0-903C-E92AFD14E7D4}.Release|x64.Build.0 = Release|Any CPU
		{7B05F2D1-7369-49F0-903C-E92AFD14E7D4}.Release|x86.ActiveCfg = Release|Any CPU
		{7B05F2D1-7369-49F0-903C-E92AFD14E7D4}.Release|x86.Build.0 = Release|Any CPU
		{7B05F2D1-7369-49F0-903C-E92AFD14E7D4}.RelWithDebInfo|Any CPU.ActiveCfg = Release|Any CPU
		{7B05F2D1-7369-49F0-903C-E92AFD14E7D4}.RelWithDebInfo|Any CPU.Build.0 = Release|Any CPU
		{7B05F2D1-7369-49F0-903C-E92AFD14E7D4}.RelWithDebInfo|x64.ActiveCfg = Release|Any CPU
		{7B05F2D1-7369-49F0-903C-E92AFD14E7D4}.RelWithDebInfo|x64.Build.0 = Release|Any CPU
		{7B05F2D1-7369-49F0-903C-E92AFD14E7D4}.RelWithDebInfo|x86.ActiveCfg = Release|Any CPU
		{7B05F2D1-7369-49F0-903C-E92AFD14E7D4}.RelWithDebInfo|x86.Build.0 = Release|Any CPU
		{6670C02D-D1C3-408B-B550-B544A2127055}.Debug|Any CPU.ActiveCfg = Debug|x86
		{6670C02D-D1C3-408B-B550-B544A2127055}.Debug|x64.ActiveCfg = Debug|x86
		{6670C02D-D1C3-408B-B550-B544A2127055}.Debug|x86.ActiveCfg = Debug|x86
		{6670C02D-D1C3-408B-B550-B544A2127055}.Debug|x86.Build.0 = Debug|x86
		{6670C02D-D1C3-408B-B550-B544A2127055}.MinSizeRel|Any CPU.ActiveCfg = Release|x86
		{6670C02D-D1C3-408B-B550-B544A2127055}.MinSizeRel|Any CPU.Build.0 = Release|x86
		{6670C02D-D1C3-408B-B550-B544A2127055}.MinSizeRel|x64.ActiveCfg = Release|x86
		{6670C02D-D1C3-408B-B550-B544A2127055}.MinSizeRel|x64.Build.0 = Release|x86
		{6670C02D-D1C3-408B-B550-B544A2127055}.MinSizeRel|x86.ActiveCfg = Release|x86
		{6670C02D-D1C3-408B-B550-B544A2127055}.MinSizeRel|x86.Build.0 = Release|x86
		{6670C02D-D1C3-408B-B550-B544A2127055}.Release|Any CPU.ActiveCfg = Release|x86
		{6670C02D-D1C3-408B-B550-B544A2127055}.Release|x64.ActiveCfg = Release|x86
		{6670C02D-D1C3-408B-B550-B544A2127055}.Release|x86.ActiveCfg = Release|x86
		{6670C02D-D1C3-408B-B550-B544A2127055}.Release|x86.Build.0 = Release|x86
		{6670C02D-D1C3-408B-B550-B544A2127055}.RelWithDebInfo|Any CPU.ActiveCfg = Release|x86
		{6670C02D-D1C3-408B-B550-B544A2127055}.RelWithDebInfo|Any CPU.Build.0 = Release|x86
		{6670C02D-D1C3-408B-B550-B544A2127055}.RelWithDebInfo|x64.ActiveCfg = Release|x86
		{6670C02D-D1C3-408B-B550-B544A2127055}.RelWithDebInfo|x64.Build.0 = Release|x86
		{6670C02D-D1C3-408B-B550-B544A2127055}.RelWithDebInfo|x86.ActiveCfg = Release|x86
		{6670C02D-D1C3-408B-B550-B544A2127055}.RelWithDebInfo|x86.Build.0 = Release|x86
	EndGlobalSection
	GlobalSection(SolutionProperties) = preSolution
		HideSolutionNode = FALSE
	EndGlobalSection
	GlobalSection(ExtensibilityGlobals) = postSolution
		SolutionGuid = {10529703-CE1A-4225-AEFA-349C27D0F231}
	EndGlobalSection
EndGlobal
